
Microsoft Visual Studio Solution File, Format Version 12.00
# Visual Studio Version 16
VisualStudioVersion = 16.0.31005.135
MinimumVisualStudioVersion = 10.0.40219.1
Project("{9A19103F-16F7-4668-BE54-9A1E7A4F7556}") = "LosPollos", "LosPollos\LosPollos.csproj", "{F577F547-D158-4CB8-892E-1D936F7542A4}"
EndProject
Project("{FAE04EC0-301F-11D3-BF4B-00C04F79EFBC}") = "LosPollos_Data", "LosPollos_Data\LosPollos_Data.csproj", "{0E739EE3-E258-49FE-AD67-F16615CF99B5}"
EndProject
Project("{FAE04EC0-301F-11D3-BF4B-00C04F79EFBC}") = "LosPollos_Service", "LosPollos_Service\LosPollos_Service.csproj", "{2B7C676F-2BDE-4F30-91DB-27E0A407AF2D}"
EndProject
Global
	GlobalSection(SolutionConfigurationPlatforms) = preSolution
		Debug|Any CPU = Debug|Any CPU
		Release|Any CPU = Release|Any CPU
	EndGlobalSection
	GlobalSection(ProjectConfigurationPlatforms) = postSolution
		{F577F547-D158-4CB8-892E-1D936F7542A4}.Debug|Any CPU.ActiveCfg = Debug|Any CPU
		{F577F547-D158-4CB8-892E-1D936F7542A4}.Debug|Any CPU.Build.0 = Debug|Any CPU
		{F577F547-D158-4CB8-892E-1D936F7542A4}.Release|Any CPU.ActiveCfg = Release|Any CPU
		{F577F547-D158-4CB8-892E-1D936F7542A4}.Release|Any CPU.Build.0 = Release|Any CPU
		{0E739EE3-E258-49FE-AD67-F16615CF99B5}.Debug|Any CPU.ActiveCfg = Debug|Any CPU
		{0E739EE3-E258-49FE-AD67-F16615CF99B5}.Debug|Any CPU.Build.0 = Debug|Any CPU
		{0E739EE3-E258-49FE-AD67-F16615CF99B5}.Release|Any CPU.ActiveCfg = Release|Any CPU
		{0E739EE3-E258-49FE-AD67-F16615CF99B5}.Release|Any CPU.Build.0 = Release|Any CPU
		{2B7C676F-2BDE-4F30-91DB-27E0A407AF2D}.Debug|Any CPU.ActiveCfg = Debug|Any CPU
		{2B7C676F-2BDE-4F30-91DB-27E0A407AF2D}.Debug|Any CPU.Build.0 = Debug|Any CPU
		{2B7C676F-2BDE-4F30-91DB-27E0A407AF2D}.Release|Any CPU.ActiveCfg = Release|Any CPU
		{2B7C676F-2BDE-4F30-91DB-27E0A407AF2D}.Release|Any CPU.Build.0 = Release|Any CPU
	EndGlobalSection
	GlobalSection(SolutionProperties) = preSolution
		HideSolutionNode = FALSE
	EndGlobalSection
	GlobalSection(ExtensibilityGlobals) = postSolution
		SolutionGuid = {173EAE87-665F-4B91-BF4C-57032E21795D}
	EndGlobalSection
EndGlobal
