
Microsoft Visual Studio Solution File, Format Version 12.00
# Visual Studio Version 16
VisualStudioVersion = 16.0.30907.101
MinimumVisualStudioVersion = 10.0.40219.1
Project("{9A19103F-16F7-4668-BE54-9A1E7A4F7556}") = "NetflixWebApi", "NetflixWebApi\NetflixWebApi.csproj", "{6B4FAED8-0881-4D31-A6FC-87DB02987A9B}"
EndProject
Project("{9A19103F-16F7-4668-BE54-9A1E7A4F7556}") = "Netflix_Service", "NetflixDomain\Netflix_Service.csproj", "{8C6257E0-B5C2-4A9B-9999-CFB91B2A4412}"
EndProject
Project("{FAE04EC0-301F-11D3-BF4B-00C04F79EFBC}") = "Netflix_Data", "Netflix_Data\Netflix_Data.csproj", "{5A4B5B60-6819-4E17-BE05-390BBBC7E4D7}"
EndProject
Global
	GlobalSection(SolutionConfigurationPlatforms) = preSolution
		Debug|Any CPU = Debug|Any CPU
		Release|Any CPU = Release|Any CPU
	EndGlobalSection
	GlobalSection(ProjectConfigurationPlatforms) = postSolution
		{6B4FAED8-0881-4D31-A6FC-87DB02987A9B}.Debug|Any CPU.ActiveCfg = Debug|Any CPU
		{6B4FAED8-0881-4D31-A6FC-87DB02987A9B}.Debug|Any CPU.Build.0 = Debug|Any CPU
		{6B4FAED8-0881-4D31-A6FC-87DB02987A9B}.Release|Any CPU.ActiveCfg = Release|Any CPU
		{6B4FAED8-0881-4D31-A6FC-87DB02987A9B}.Release|Any CPU.Build.0 = Release|Any CPU
		{8C6257E0-B5C2-4A9B-9999-CFB91B2A4412}.Debug|Any CPU.ActiveCfg = Debug|Any CPU
		{8C6257E0-B5C2-4A9B-9999-CFB91B2A4412}.Debug|Any CPU.Build.0 = Debug|Any CPU
		{8C6257E0-B5C2-4A9B-9999-CFB91B2A4412}.Release|Any CPU.ActiveCfg = Release|Any CPU
		{8C6257E0-B5C2-4A9B-9999-CFB91B2A4412}.Release|Any CPU.Build.0 = Release|Any CPU
		{5A4B5B60-6819-4E17-BE05-390BBBC7E4D7}.Debug|Any CPU.ActiveCfg = Debug|Any CPU
		{5A4B5B60-6819-4E17-BE05-390BBBC7E4D7}.Debug|Any CPU.Build.0 = Debug|Any CPU
		{5A4B5B60-6819-4E17-BE05-390BBBC7E4D7}.Release|Any CPU.ActiveCfg = Release|Any CPU
		{5A4B5B60-6819-4E17-BE05-390BBBC7E4D7}.Release|Any CPU.Build.0 = Release|Any CPU
	EndGlobalSection
	GlobalSection(SolutionProperties) = preSolution
		HideSolutionNode = FALSE
	EndGlobalSection
	GlobalSection(ExtensibilityGlobals) = postSolution
		SolutionGuid = {E951EF15-0431-48A8-B082-5BB1950EF952}
	EndGlobalSection
EndGlobal
